lockfileVersion: '9.0'

settings:
  autoInstallPeers: true
  excludeLinksFromLockfile: false

overrides:
  protobufjs: ^8.6.5

importers:

  .:
    dependencies:
      '@tybys/wasm-util':
        specifier: ^0.10.2
        version: 0.10.3
      x-img-diff-js:
        specifier: ^0.3.5
        version: 0.3.5
    devDependencies:
      '@opentelemetry/api':
        specifier: ^1.9.1
        version: 1.9.1
      '@opentelemetry/exporter-trace-otlp-http':
        specifier: ^0.216.0
        version: 0.216.0(@opentelemetry/api@1.9.1)
      '@opentelemetry/resources':
        specifier: ^2.7.1
        version: 2.7.1(@opentelemetry/api@1.9.1)
      '@opentelemetry/sdk-trace-base':
        specifier: ^2.7.1
        version: 2.7.1(@opentelemetry/api@1.9.1)
      '@opentelemetry/sdk-trace-node':
        specifier: ^2.7.1
        version: 2.7.1(@opentelemetry/api@1.9.1)
      '@opentelemetry/semantic-conventions':
        specifier: ^1.40.0
        version: 1.40.0
      '@types/node':
        specifier: ^22.5.5
        version: 22.5.5
      tsdown:
        specifier: ^0.23.0
        version: 0.23.0(typescript@5.6.2)(unrun@0.2.37)

packages:

  '@emnapi/core@1.10.0':
    resolution: {integrity: sha512-yq6OkJ4p82CAfPl0u9mQebQHKPJkY7WrIuk205cTYnYe+k2Z8YBh11FrbRG/H6ihirqcacOgl2BIO8oyMQLeXw==}

  '@emnapi/runtime@1.10.0':
    resolution: {integrity: sha512-ewvYlk86xUoGI0zQRNq/mC+16R1QeDlKQy21Ki3oSYXNgLb45GV1P6A0M+/s6nyCuNDqe5VpaY84BzXGwVbwFA==}

  '@emnapi/wasi-threads@1.2.1':
    resolution: {integrity: sha512-uTII7OYF+/Mes/MrcIOYp5yOtSMLBWSIoLPpcgwipoiKbli6k322tcoFsxoIIxPDqW01SQGAgko4EzZi2BNv2w==}

  '@napi-rs/wasm-runtime@1.1.6':
    resolution: {integrity: sha512-ZLv/JdUfkvOy9eCnnBaGfiO+XimbjebAeO+MRQqD/B+FR1tnRN0tpKSJHRbE8sFfS6aqsXZ67TQjfwfsxULVbg==}
    peerDependencies:
      '@emnapi/core': ^1.7.1
      '@emnapi/runtime': ^1.7.1

  '@opentelemetry/api-logs@0.216.0':
    resolution: {integrity: sha512-KmGTgvxTJ0J01d4mOeX1wMV5NUTNf9HebIuOOGDfIn0a/IrnXIQbOnlylDyl9tkDv4h0DUpdI/GqCdLzfTkUXg==}
    engines: {node: '>=8.0.0'}

  '@opentelemetry/api@1.9.1':
    resolution: {integrity: sha512-gLyJlPHPZYdAk1JENA9LeHejZe1Ti77/pTeFm/nMXmQH/HFZlcS/O2XJB+L8fkbrNSqhdtlvjBVjxwUYanNH5Q==}
    engines: {node: '>=8.0.0'}

  '@opentelemetry/context-async-hooks@2.7.1':
    resolution: {integrity: sha512-OPFBYuXEn1E4ja3Y6eeA7O+ZnLBNcXTV5Cgsn1VaqBZ6hC5FnpZPLBNme1LJY8ZtF4aOujPKFoeWN4ik487KuQ==}
    engines: {node: ^18.19.0 || >=20.6.0}
    peerDependencies:
      '@opentelemetry/api': '>=1.0.0 <1.10.0'

  '@opentelemetry/core@2.7.1':
    resolution: {integrity: sha512-QAqIj32AtK6+pEVNG7EOVxHdE06RP+FM5qpiEJ4RtDcFIqKUZHYhl7/7UY5efhwmwNAg7j8QbJVBLxMerc0+gw==}
    engines: {node: ^18.19.0 || >=20.6.0}
    peerDependencies:
      '@opentelemetry/api': '>=1.0.0 <1.10.0'

  '@opentelemetry/exporter-trace-otlp-http@0.216.0':
    resolution: {integrity: sha512-DhWjvj0PUPFwFnhOEivpum8sJzj6FTuyx88zff+oHVLUhfd6cLyw4AIai/F4j0PZqYZBFuMT/OTMUd9wdXnBEQ==}
    engines: {node: ^18.19.0 || >=20.6.0}
    peerDependencies:
      '@opentelemetry/api': ^1.3.0

  '@opentelemetry/otlp-exporter-base@0.216.0':
    resolution: {integrity: sha512-sSnvb5f+FYa4mfYxj03rmmUh+aDwo3jok62dgIWUDw8ZCUPzEbgtv/YhZyKUSlKNNey7Uc5xmJgmtTLLIV6UDQ==}
    engines: {node: ^18.19.0 || >=20.6.0}
    peerDependencies:
      '@opentelemetry/api': ^1.3.0

  '@opentelemetry/otlp-transformer@0.216.0':
    resolution: {integrity: sha512-g4Rb6sAsxQAo11eDjixfKxelruBsQFdJ8Wo23FCj7D6OXbidgXMu2xaRSYs4RdlomzAXSJuc86RcS3xmE8A6uA==}
    engines: {node: ^18.19.0 || >=20.6.0}
    peerDependencies:
      '@opentelemetry/api': ^1.3.0

  '@opentelemetry/resources@2.7.1':
    resolution: {integrity: sha512-DeT6KKolmC4e/dRQvMQ/RwlnzhaqeiFOXY5ngoOPJ07GgVVKxZOg9EcrNZb5aTzUn+iCrJldAgOfQm1O/QfPAQ==}
    engines: {node: ^18.19.0 || >=20.6.0}
    peerDependencies:
      '@opentelemetry/api': '>=1.3.0 <1.10.0'

  '@opentelemetry/sdk-logs@0.216.0':
    resolution: {integrity: sha512-KB3rcwQuitq0JbbsCcNdqMhRJX3kArAYz/ovb0jGRaBQAIrt2roik3xQXuhYxS37zx0jSkUZcJu1z3Y2UCxbDA==}
    engines: {node: ^18.19.0 || >=20.6.0}
    peerDependencies:
      '@opentelemetry/api': '>=1.4.0 <1.10.0'

  '@opentelemetry/sdk-metrics@2.7.1':
    resolution: {integrity: sha512-MpDJdkiFDs3Pm1RHO3KByuZbuBdJEXEAkiC0+yJdsZGVCdf1RpHR6n+LHDcS7ffmfrt5kVCzJSCfm4z2C7v0uQ==}
    engines: {node: ^18.19.0 || >=20.6.0}
    peerDependencies:
      '@opentelemetry/api': '>=1.9.0 <1.10.0'

  '@opentelemetry/sdk-trace-base@2.7.1':
    resolution: {integrity: sha512-NAYIlsF8MPUsKqJMiDQJTMPOmlbawC1Iz/omMLygZ1C9am8fTKYjTaI+OZM+WTY3t3Glo0wnOg/6/pac6RGPPw==}
    engines: {node: ^18.19.0 || >=20.6.0}
    peerDependencies:
      '@opentelemetry/api': '>=1.3.0 <1.10.0'

  '@opentelemetry/sdk-trace-node@2.7.1':
    resolution: {integrity: sha512-pCpQxU68lV+I9s9svqMyVu5iHdDDUnqUpSxqwyCU8A9ejEsSnMPCbearwsUO4yk08ZJzAIUCFuReMdVQvHrdvg==}
    engines: {node: ^18.19.0 || >=20.6.0}
    peerDependencies:
      '@opentelemetry/api': '>=1.0.0 <1.10.0'

  '@opentelemetry/semantic-conventions@1.40.0':
    resolution: {integrity: sha512-cifvXDhcqMwwTlTK04GBNeIe7yyo28Mfby85QXFe1Yk8nmi36Ab/5UQwptOx84SsoGNRg+EVSjwzfSZMy6pmlw==}
    engines: {node: '>=14'}

  '@oxc-project/types@0.127.0':
    resolution: {integrity: sha512-aIYXQBo4lCbO4z0R3FHeucQHpF46l2LbMdxRvqvuRuW2OxdnSkcng5B8+K12spgLDj93rtN3+J2Vac/TIO+ciQ==}

  '@oxc-project/types@0.149.0':
    resolution: {integrity: sha512-Efcc+iF0j3Bf67YjEqIqWXbX5XddXoK/Mw4K1/JuXwRCZ8N16VR7iT23nlCc9XrveFVh/E5Rqs2StT0V8v9LdA==}

  '@quansync/fs@1.0.0':
    resolution: {integrity: sha512-4TJ3DFtlf1L5LDMaM6CanJ/0lckGNtJcMjQ1NAV6zDmA0tEHKZtxNKin8EgPaVX1YzljbxckyT2tJrpQKAtngQ==}

  '@rolldown/binding-android-arm-eabi@1.2.8':
    resolution: {integrity: sha512-tN5aztYkKCte4i5SIrrz5yK/HMjEuCqCSCJa418jOV8tZ1cBY3YF2otxB1ktPxzsLA1BeTqwapK0bfjxNvHJVw==}
    engines: {node: ^20.19.0 || >=22.12.0}
    cpu: [arm]
    os: [android]

  '@rolldown/binding-android-arm64@1.0.0-rc.17':
    resolution: {integrity: sha512-s70pVGhw4zqGeFnXWvAzJDlvxhlRollagdCCKRgOsgUOH3N1l0LIxf83AtGzmb5SiVM4Hjl5HyarMRfdfj3DaQ==}
    engines: {node: ^20.19.0 || >=22.12.0}
    cpu: [arm64]
    os: [android]

  '@rolldown/binding-android-arm64@1.2.8':
    resolution: {integrity: sha512-dIYTWl9XprMUiQFoc55KUyk/oS8SKYH3zFl0LTR7RT0Xj4hgSVyuJcroH8JUu8RcpF8fTB6E0aOwCkZoYPcDSQ==}
    engines: {node: ^20.19.0 || >=22.12.0}
    cpu: [arm64]
    os: [android]

  '@rolldown/binding-darwin-arm64@1.0.0-rc.17':
    resolution: {integrity: sha512-4ksWc9n0mhlZpZ9PMZgTGjeOPRu8MB1Z3Tz0Mo02eWfWCHMW1zN82Qz/pL/rC+yQa+8ZnutMF0JjJe7PjwasYw==}
    engines: {node: ^20.19.0 || >=22.12.0}
    cpu: [arm64]
    os: [darwin]

  '@rolldown/binding-darwin-arm64@1.2.8':
    resolution: {integrity: sha512-PCSDQGXD2IyTEFrcgPyBM8jJuGmrbCMuoIOXdbEGVemruKACXoLQJrb+A45Z0L5t1RQkdfJprAYPkikbh7dzdA==}
    engines: {node: ^20.19.0 || >=22.12.0}
    cpu: [arm64]
    os: [darwin]

  '@rolldown/binding-darwin-x64@1.0.0-rc.17':
    resolution: {integrity: sha512-SUSDOI6WwUVNcWxd02QEBjLdY1VPHvlEkw6T/8nYG322iYWCTxRb1vzk4E+mWWYehTp7ERibq54LSJGjmouOsw==}
    engines: {node: ^20.19.0 || >=22.12.0}
    cpu: [x64]
    os: [darwin]

  '@rolldown/binding-darwin-x64@1.2.8':
    resolution: {integrity: sha512-Uk7lRsGhPFHVX/sAUC6D5H9Ol30dFHd6iquokll2th3LpdJ3F5CzQB+7DHn0Ri2mG+U7k2zXiPHDrwZenXhwSA==}
    engines: {node: ^20.19.0 || >=22.12.0}
    cpu: [x64]
    os: [darwin]

  '@rolldown/binding-freebsd-x64@1.0.0-rc.17':
    resolution: {integrity: sha512-hwnz3nw9dbJ05EDO/PvcjaaewqqDy7Y1rn1UO81l8iIK1GjenME75dl16ajbvSSMfv66WXSRCYKIqfgq2KCfxw==}
    engines: {node: ^20.19.0 || >=22.12.0}
    cpu: [x64]
    os: [freebsd]

  '@rolldown/binding-freebsd-x64@1.2.8':
    resolution: {integrity: sha512-DjszaTEVogPqA5bYzsEeqDCQxbcp2fexQwKcRspYji2yzR68fCf+e4fx6kBSRDwX5/brZaHw/hWS9+A/+/w9sQ==}
    engines: {node: ^20.19.0 || >=22.12.0}
    cpu: [x64]
    os: [freebsd]

  '@rolldown/binding-linux-arm-gnueabihf@1.0.0-rc.17':
    resolution: {integrity: sha512-IS+W7epTcwANmFSQFrS1SivEXHtl1JtuQA9wlxrZTcNi6mx+FDOYrakGevvvTwgj2JvWiK8B29/qD9BELZPyXQ==}
    engines: {node: ^20.19.0 || >=22.12.0}
    cpu: [arm]
    os: [linux]

  '@rolldown/binding-linux-arm-gnueabihf@1.2.8':
    resolution: {integrity: sha512-zmwa7FTmdzB6aaEEuuls18H6Ap5JmJPSoPTuXixeJZV6tG40SyLkApQtz1g8ptZtiEKqj9OM0oNLPh1AgvE31Q==}
    engines: {node: ^20.19.0 || >=22.12.0}
    cpu: [arm]
    os: [linux]

  '@rolldown/binding-linux-arm64-gnu@1.0.0-rc.17':
    resolution: {integrity: sha512-e6usGaHKW5BMNZOymS1UcEYGowQMWcgZ71Z17Sl/h2+ZziNJ1a9n3Zvcz6LdRyIW5572wBCTH/Z+bKuZouGk9Q==}
    engines: {node: ^20.19.0 || >=22.12.0}
    cpu: [arm64]
    os: [linux]
    libc: [glibc]

  '@rolldown/binding-linux-arm64-gnu@1.2.8':
    resolution: {integrity: sha512-KdYQDPHwJVnbFwdTGMgxsI9SqblBlz6STGM+w1We/d5B8OWWidYH0MwkU/uA1wM5fIpO2MkOVxXrNzzuZhw9ew==}
    engines: {node: ^20.19.0 || >=22.12.0}
    cpu: [arm64]
    os: [linux]
    libc: [glibc]

  '@rolldown/binding-linux-arm64-musl@1.0.0-rc.17':
    resolution: {integrity: sha512-b/CgbwAJpmrRLp02RPfhbudf5tZnN9nsPWK82znefso832etkem8H7FSZwxrOI9djcdTP7U6YfNhbRnh7djErg==}
    engines: {node: ^20.19.0 || >=22.12.0}
    cpu: [arm64]
    os: [linux]
    libc: [musl]

  '@rolldown/binding-linux-arm64-musl@1.2.8':
    resolution: {integrity: sha512-jFJTifHnNPY+yzOoNZQfSIysrVyXzEQPhPnOUjmD1bcQGHH6s7c8cViKWar8YplQImE5N9JRqMCLrM2CdxOrZA==}
    engines: {node: ^20.19.0 || >=22.12.0}
    cpu: [arm64]
    os: [linux]
    libc: [musl]

  '@rolldown/binding-linux-ppc64-gnu@1.0.0-rc.17':
    resolution: {integrity: sha512-4EII1iNGRUN5WwGbF/kOh/EIkoDN9HsupgLQoXfY+D1oyJm7/F4t5PYU5n8SWZgG0FEwakyM8pGgwcBYruGTlA==}
    engines: {node: ^20.19.0 || >=22.12.0}
    cpu: [ppc64]
    os: [linux]
    libc: [glibc]

  '@rolldown/binding-linux-ppc64-gnu@1.2.8':
    resolution: {integrity: sha512-FhiOziBDWPBjbcmRzfLyIJnaP7AVMFXT7YCXPjXxj7wKU3vx24RjrCNN/zjvVa+N2vVoHJwCoUBvsrN/DG3zIA==}
    engines: {node: ^20.19.0 || >=22.12.0}
    cpu: [ppc64]
    os: [linux]
    libc: [glibc]

  '@rolldown/binding-linux-s390x-gnu@1.0.0-rc.17':
    resolution: {integrity: sha512-AH8oq3XqQo4IibpVXvPeLDI5pzkpYn0WiZAfT05kFzoJ6tQNzwRdDYQ45M8I/gslbodRZwW8uxLhbSBbkv96rA==}
    engines: {node: ^20.19.0 || >=22.12.0}
    cpu: [s390x]
    os: [linux]
    libc: [glibc]

  '@rolldown/binding-linux-s390x-gnu@1.2.8':
    resolution: {integrity: sha512-WnHfADMzOV2Y55wlx1hzzQnar/wDt/VdvWSD99r18Mz9ylNieIGOkRx3UV21h7m/eJvjySYJkO26VvGNFkwsIQ==}
    engines: {node: ^20.19.0 || >=22.12.0}
    cpu: [s390x]
    os: [linux]
    libc: [glibc]

  '@rolldown/binding-linux-x64-gnu@1.0.0-rc.17':
    resolution: {integrity: sha512-cLnjV3xfo7KslbU41Z7z8BH/E1y5mzUYzAqih1d1MDaIGZRCMqTijqLv76/P7fyHuvUcfGsIpqCdddbxLLK9rA==}
    engines: {node: ^20.19.0 || >=22.12.0}
    cpu: [x64]
    os: [linux]
    libc: [glibc]

  '@rolldown/binding-linux-x64-gnu@1.2.8':
    resolution: {integrity: sha512-H9tRr5ibfXFVLxbPOseVewewFpl28zcEdjRDt2FTUZU7odxP0gEv1ki4/kGmcGOh78oRwZuuQllGLZ9zTJp84g==}
    engines: {node: ^20.19.0 || >=22.12.0}
    cpu: [x64]
    os: [linux]
    libc: [glibc]

  '@rolldown/binding-linux-x64-musl@1.0.0-rc.17':
    resolution: {integrity: sha512-0phclDw1spsL7dUB37sIARuis2tAgomCJXAHZlpt8PXZ4Ba0dRP1e+66lsRqrfhISeN9bEGNjQs+T/Fbd7oYGw==}
    engines: {node: ^20.19.0 || >=22.12.0}
    cpu: [x64]
    os: [linux]
    libc: [musl]

  '@rolldown/binding-linux-x64-musl@1.2.8':
    resolution: {integrity: sha512-UefiqfM3D6IVNlZ8tSGs9+Ejjud2T+oxO0IHADU45Y+lyEjD2dVFyZHbkfX0LUb5Zugo/oIv1eCO/KVYhgYJYA==}
    engines: {node: ^20.19.0 || >=22.12.0}
    cpu: [x64]
    os: [linux]
    libc: [musl]

  '@rolldown/binding-openharmony-arm64@1.0.0-rc.17':
    resolution: {integrity: sha512-0ag/hEgXOwgw4t8QyQvUCxvEg+V0KBcA6YuOx9g0r02MprutRF5dyljgm3EmR02O292UX7UeS6HzWHAl6KgyhA==}
    engines: {node: ^20.19.0 || >=22.12.0}
    cpu: [arm64]
    os: [openharmony]

  '@rolldown/binding-openharmony-arm64@1.2.8':
    resolution: {integrity: sha512-637Ke4kWSy6rp9cxQ9gMOXlxPgIw/c1beASV4M//3+9I4uwBVOOl74G+e3zyU3u19U7RkRl/HuewixZ/Z6+Rjg==}
    engines: {node: ^20.19.0 || >=22.12.0}
    cpu: [arm64]
    os: [openharmony]

  '@rolldown/binding-wasm32-wasi@1.0.0-rc.17':
    resolution: {integrity: sha512-LEXei6vo0E5wTGwpkJ4KoT3OZJRnglwldt5ziLzOlc6qqb55z4tWNq2A+PFqCJuvWWdP53CVhG1Z9NtToDPJrA==}
    engines: {node: ^20.19.0 || >=22.12.0}
    cpu: [wasm32]

  '@rolldown/binding-win32-arm64-msvc@1.0.0-rc.17':
    resolution: {integrity: sha512-gUmyzBl3SPMa6hrqFUth9sVfcLBlYsbMzBx5PlexMroZStgzGqlZ26pYG89rBb45Mnia+oil6YAIFeEWGWhoZA==}
    engines: {node: ^20.19.0 || >=22.12.0}
    cpu: [arm64]
    os: [win32]

  '@rolldown/binding-win32-arm64-msvc@1.2.8':
    resolution: {integrity: sha512-xWBkPOF1Q9k/Gv1nQXnVdLxKu74jXppuOM4Z3mnypVUJJJwLsMl7hNJGRAUJoG8A5MgOI1ACKM+wBFxSJzKy4A==}
    engines: {node: ^20.19.0 || >=22.12.0}
    cpu: [arm64]
    os: [win32]

  '@rolldown/binding-win32-x64-msvc@1.0.0-rc.17':
    resolution: {integrity: sha512-3hkiolcUAvPB9FLb3UZdfjVVNWherN1f/skkGWJP/fgSQhYUZpSIRr0/I8ZK9TkF3F7kxvJAk0+IcKvPHk9qQg==}
    engines: {node: ^20.19.0 || >=22.12.0}
    cpu: [x64]
    os: [win32]

  '@rolldown/binding-win32-x64-msvc@1.2.8':
    resolution: {integrity: sha512-uz2ZvfgXbxqNwijjjbxrnvALwpyODDcgc1T1N8N3rf/DXKQmaFwmB4LX4yyjggpwN2obdQLb2rgirX5ffCWYng==}
    engines: {node: ^20.19.0 || >=22.12.0}
    cpu: [x64]
    os: [win32]

  '@rolldown/pluginutils@1.0.0-rc.17':
    resolution: {integrity: sha512-n8iosDOt6Ig1UhJ2AYqoIhHWh/isz0xpicHTzpKBeotdVsTEcxsSA/i3EVM7gQAj0rU27OLAxCjzlj15IWY7bg==}

  '@rolldown/pluginutils@1.0.1':
    resolution: {integrity: sha512-2j9bGt5Jh8hj+vPtgzPtl72j0yRxHAyumoo6TNfAjsLB04UtpSvPbPcDcBMxz7n+9CYB0c1GxQFxYRg2jimqGw==}

  '@tybys/wasm-util@0.10.3':
    resolution: {integrity: sha512-F3fo1MYrRJYL3zER0OUOmkutjr1Vp23m7OsSgp7nq4SP6OqX6C/56XFIPAl5bt3zaBRjmW7SGz3u/6LwFpYcOg==}

  '@types/node@22.5.5':
    resolution: {integrity: sha512-Xjs4y5UPO/CLdzpgR6GirZJx36yScjh73+2NlLlkFRSoQN8B0DpfXPdZGnvVmLRLOsqDpOfTNv7D9trgGhmOIA==}

  '@yuku-codegen/binding-android-arm64@0.9.5':
    resolution: {integrity: sha512-jrOY5WM+AaAqkv51fHP1x28ifto4WgcZVzodLUyMU1jMWn5Sq+VciRdk/n8E0Ey5w4p4cWWE+m5GfXWOYh7Kzw==}
    cpu: [arm64]
    os: [android]

  '@yuku-codegen/binding-darwin-arm64@0.9.5':
    resolution: {integrity: sha512-4O4lkCQIzPZGjiNB1GORSI6hBECbiiSBS/APZXPvNKYH+nhY4uuqv03LNXA+SET3hoBjvr95P5rIhY8KQaQUBA==}
    cpu: [arm64]
    os: [darwin]

  '@yuku-codegen/binding-darwin-x64@0.9.5':
    resolution: {integrity: sha512-9EvoUO0SEhD6/d8VHdWuPerepPMSR1y84+UEgz8Un1Ope14Oe7xMvePpEQLTLovoIFZ8Zg3iZ8z8E11pZMqC3g==}
    cpu: [x64]
    os: [darwin]

  '@yuku-codegen/binding-freebsd-x64@0.9.5':
    resolution: {integrity: sha512-HqT78WwgHTmp8lwujoUa9CrIortX4DdpuiVC18ZPSGvuuJf4ylpIEI6QrQEM78Zwz3muhAWAOXZ5irdiYY+AyA==}
    cpu: [x64]
    os: [freebsd]

  '@yuku-codegen/binding-linux-arm-gnu@0.9.5':
    resolution: {integrity: sha512-QJXwIW6Ms3QIawbcBIedmrmXnfdpuAOjZJ/eAABq5XTzWvSxZ7lutu9W5yIHahlaTaFnBo7ikrVMD1szLTpPUw==}
    cpu: [arm]
    os: [linux]
    libc: [glibc]

  '@yuku-codegen/binding-linux-arm-musl@0.9.5':
    resolution: {integrity: sha512-eHbFy3IHGb+IYarrYwAo0yWSEQV3eAmEn6VrsKA6I1Wy1YPJxWqSJlV69JhqsHtJuJlljUIF3ex0y46yaKIu9w==}
    cpu: [arm]
    os: [linux]
    libc: [musl]

  '@yuku-codegen/binding-linux-arm64-gnu@0.9.5':
    resolution: {integrity: sha512-ByoJMbySTaDhjAXSu8q6Lh7HKg3YoesXpcT72aYk0Aiw4PCznmY4ybpLTq0RCvp0RIPhFm/6yECFiGBwyCC1nw==}
    cpu: [arm64]
    os: [linux]
    libc: [glibc]

  '@yuku-codegen/binding-linux-arm64-musl@0.9.5':
    resolution: {integrity: sha512-gD9vfXIoBw1toSxhO9rgmSu/FEfy3PMznJAxVjIuH8DrWEiDKXmJO0pJKfj1Ltbe/TmtWVZR+TjISqeSIGQzMg==}
    cpu: [arm64]
    os: [linux]
    libc: [musl]

  '@yuku-codegen/binding-linux-x64-gnu@0.9.5':
    resolution: {integrity: sha512-BARvdnvqMGjOr5Iel2JH+9H5vAIE0R6H0Z2fsT02xrvmI/1ZXNB8lkuX+ZGevPhZb3zJ9WeC/R8JZstrsUOK5g==}
    cpu: [x64]
    os: [linux]
    libc: [glibc]

  '@yuku-codegen/binding-linux-x64-musl@0.9.5':
    resolution: {integrity: sha512-x8flcevS1fbb7ESrmpOY/pON4eInSaE/7Ktjqx2udOE2W33BNSZmJuwpyUgo54AoHNqrcaM7szqydyJn5fNvew==}
    cpu: [x64]
    os: [linux]
    libc: [musl]

  '@yuku-codegen/binding-win32-arm64@0.9.5':
    resolution: {integrity: sha512-KOL/rBatWqH4ZpCNoF8ZtSNdOJbAxBJLmk/VeRciepGROPTbPum1A9t67GpFgOU7qrkUWlPJdJ+KHKbvbmOt+w==}
    cpu: [arm64]
    os: [win32]

  '@yuku-codegen/binding-win32-x64@0.9.5':
    resolution: {integrity: sha512-FxENahEjWSan59Syh/us/Kf4wNq8qrJLFJ3R2N4Oiwtb6yNdz/rWLNTIoNSssnsp7IoWJdUP6o/Z8ppg7lXMcg==}
    cpu: [x64]
    os: [win32]

  '@yuku-parser/binding-android-arm64@0.9.5':
    resolution: {integrity: sha512-A2JCFCSHfnficqYEw4Iujpx7XrkMM3UfFcgJFmYpZSo9zM4nyhmdIIE0FogSduuU60lhM0/UcfuUBXIVNBMlGQ==}
    cpu: [arm64]
    os: [android]

  '@yuku-parser/binding-darwin-arm64@0.9.5':
    resolution: {integrity: sha512-3PiyU+Eare4YuKaQ22N98/yAiROPY5o/NQJHraICzDvk4pgS+m+bgLKOvkGBRn33OnV95Vdv1Mn38b+MQHpULQ==}
    cpu: [arm64]
    os: [darwin]

  '@yuku-parser/binding-darwin-x64@0.9.5':
    resolution: {integrity: sha512-blFMAFI7AInI83XaiOF8cIeiRM46Nz9EfpZtZPRLbKxSA9aAr5v8aHYpmfN6NoyXxAv/10pwS4gsAuc1W6fy5Q==}
    cpu: [x64]
    os: [darwin]

  '@yuku-parser/binding-freebsd-x64@0.9.5':
    resolution: {integrity: sha512-TsNuL4qsZdO0tHp5GW43Y5fHeLPpPHA675wdcPNTcdq2ZO5AvsQWFFoiDg8CH4oBktfsQ9tdvKhjLnLYwKvp4g==}
    cpu: [x64]
    os: [freebsd]

  '@yuku-parser/binding-linux-arm-gnu@0.9.5':
    resolution: {integrity: sha512-b0afYK5gHeV8RdmOcqAlgM8ONsye4cax4DMnIBaoJyPMd1UTGvTbpkqQcPVdhmHlcfcGVGMV1laeVovlr/dscw==}
    cpu: [arm]
    os: [linux]
    libc: [glibc]

  '@yuku-parser/binding-linux-arm-musl@0.9.5':
    resolution: {integrity: sha512-fD3lKzl+r6j6n8DwiMY53qnh5DLqD8KJjCp+NbVud54Nnh3Q9Wprqss3YzyMHP3NSJk663Wlg1E1X5qOuFVFig==}
    cpu: [arm]
    os: [linux]
    libc: [musl]

  '@yuku-parser/binding-linux-arm64-gnu@0.9.5':
    resolution: {integrity: sha512-aRU/aCphV1MWCl/lvI6NX8LgucHQ68Fx+vz7NBb/5MEr2EuzCxiPOQqeFcMdWh+2AED/p0AvAREch0c+cSnlhA==}
    cpu: [arm64]
    os: [linux]
    libc: [glibc]

  '@yuku-parser/binding-linux-arm64-musl@0.9.5':
    resolution: {integrity: sha512-5+Guro0l8H473YXlEjVNBRLN/IbPbJdnQh1zo0OLt49xxnON+XMJRRaEyTOTfkn9QSRg0+BhEKGR4W9Gu2uZJQ==}
    cpu: [arm64]
    os: [linux]
    libc: [musl]

  '@yuku-parser/binding-linux-x64-gnu@0.9.5':
    resolution: {integrity: sha512-pwwSyV9q+GlvzSXlsMZBMlgk22L5bud714/vqZCdeUTivzeUVltQzUaf3IQXOGXdpc59JYTeuMCtbGquaAUoCA==}
    cpu: [x64]
    os: [linux]
    libc: [glibc]

  '@yuku-parser/binding-linux-x64-musl@0.9.5':
    resolution: {integrity: sha512-z18j6JN3lBHH8vzN7gG1M8fI0nlgItSfnC9PfbmUbt97iHViKfw2iA2G9fGwRMe5LyPRZBrejIlapbygPbpdaw==}
    cpu: [x64]
    os: [linux]
    libc: [musl]

  '@yuku-parser/binding-win32-arm64@0.9.5':
    resolution: {integrity: sha512-s6Gwttb1dQvtPX6Bgkw+UPC9IO3UBDXc6Zezog8MMgvu3UfJBBB9TQqKBX/2quu0Eyh+lLSAyNlIyyecaagUPg==}
    cpu: [arm64]
    os: [win32]

  '@yuku-parser/binding-win32-x64@0.9.5':
    resolution: {integrity: sha512-FrERt9YWatY3bJfSUdi4YWY+6iQcyo3MzCC821BxlWM5TFZEHijnpz/bknR79VHlXY/9CvXz8ZlaAGPsTtN3nw==}
    cpu: [x64]
    os: [win32]

  '@yuku-toolchain/types@0.9.5':
    resolution: {integrity: sha512-KiuLNNgX9uNealaWAR+G3/cMXnRk9x4TY2EkYe/KIag+UPdwiA0RRf1hr1WAxzTP8KGzCTkqUdLPvqh32sEO3w==}

  cac@7.0.0:
    resolution: {integrity: sha512-tixWYgm5ZoOD+3g6UTea91eow5z6AAHaho3g0V9CNSNb45gM8SmflpAc+GRd1InC4AqN/07Unrgp56Y94N9hJQ==}
    engines: {node: '>=20.19.0'}

  defu@6.1.7:
    resolution: {integrity: sha512-7z22QmUWiQ/2d0KkdYmANbRUVABpZ9SNYyH5vx6PZ+nE5bcC0l7uFvEfHlyld/HcGBFTL536ClDt3DEcSlEJAQ==}

  dts-resolver@3.0.0:
    resolution: {integrity: sha512-1T1f+z+4tl9XD+m+0HBgWoL/nm0bOIffyWaUuUSBlFg/86IWvfx+wjNaO/ybU0AJzG9/Mi5hBUgGV6zCmWEN7Q==}
    engines: {node: ^22.18.0 || >=24.0.0}
    peerDependencies:
      oxc-resolver: '>=11.0.0'
    peerDependenciesMeta:
      oxc-resolver:
        optional: true

  empathic@2.0.1:
    resolution: {integrity: sha512-YGRs8knHhKHVShLkFET/rWAU8kmHbOV5LwN938RHI0pljAJ1Gf6SzXsSmRaEzcXTtOOmVqJ5+WtQPL5uigY50Q==}
    engines: {node: '>=14'}

  fdir@6.5.0:
    resolution: {integrity: sha512-tIbYtZbucOs0BRGqPJkshJUYdL+SDH7dVM8gjy+ERp3WAUjLEFJE+02kanyHtwjWOnwrKYBiwAmM0p4kLJAnXg==}
    engines: {node: '>=12.0.0'}
    peerDependencies:
      picomatch: ^3 || ^4
    peerDependenciesMeta:
      picomatch:
        optional: true

  get-tsconfig@5.0.0-beta.6:
    resolution: {integrity: sha512-X6fBC0pmImC70gvX2zm56go9hx0MyoGVdG0tUCkg/D+Xnh5TJsOZ7iDbOdI3PvmtrDxnu1YdDufpK2QJX1Meqw==}
    engines: {node: '>=20.20.0'}

  hookable@6.1.1:
    resolution: {integrity: sha512-U9LYDy1CwhMCnprUfeAZWZGByVbhd54hwepegYTK7Pi5NvqEj63ifz5z+xukznehT7i6NIZRu89Ay1AZmRsLEQ==}

  import-without-cache@0.4.0:
    resolution: {integrity: sha512-NkJQA7oZ4YHQhd2+H3BoRFKF3d/XNsiKpHZCQEMH9pDX27hQQLsTyOocyRgaIVtf8gHX3Nt3LPkR4e5EdtPAGQ==}
    engines: {node: ^22.18.0 || >=24.0.0}

  long@5.3.2:
    resolution: {integrity: sha512-mNAgZ1GmyNhD7AuqnTG3/VQ26o760+ZYBPKjPvugO8+nLbYfX6TVpJPseBvopbdY+qpZ/lKUnmEc1LeZYS3QAA==}

  obug@2.2.1:
    resolution: {integrity: sha512-XrsrhT5sybtKI6wakr2SPOlGZWWYbUXZ7a0jT8/QOeAPau+1X/bSegNe5YR75oJmEZQbKningirmGOEJCIk61Q==}
    engines: {node: '>=12.20.0'}

  picomatch@4.0.7:
    resolution: {integrity: sha512-qcJu88Q2IWqJsDD529JKMdwGm/dvInW4HvQnRwiH9JtihJvzGOscDtHE3x1pBKeUOTysQ8kVmLnJ2kJu7yhcGA==}
    engines: {node: '>=12'}

  protobufjs@8.8.0:
    resolution: {integrity: sha512-N3xhQ5yyBx3vQq4gubBfASzYhJGNzeDbjqBpu61g7UVylsN/qyffU96TKWD3GbbLOKF82VGNRNvv1+BFgE31Eg==}
    engines: {node: '>=12.0.0'}

  quansync@1.0.0:
    resolution: {integrity: sha512-5xZacEEufv3HSTPQuchrvV6soaiACMFnq1H8wkVioctoH3TRha9Sz66lOxRwPK/qZj7HPiSveih9yAyh98gvqA==}

  resolve-pkg-maps@1.0.0:
    resolution: {integrity: sha512-seS2Tj26TBVOC2NIc2rOe2y2ZO7efxITtLZcGSOnHHNOQ7CkiUBfw0Iw2ck6xkIhPwLhKNLS8BO+hEpngQlqzw==}

  rolldown-plugin-dts@0.28.5:
    resolution: {integrity: sha512-yYd3C9CeJwqjOc9X23m0Tyxcqic491uLZlfg51szT287S8zCCqLR2uoySoElgqy2CLn7PdXcEo1dlkBs4n1WHg==}
    engines: {node: ^22.18.0 || ^24.11.0 || >=26.0.0}
    peerDependencies:
      '@typescript/native-preview': '*'
      '@volar/typescript': ~2.4.0
      rolldown: ^1.2.0
      typescript: ^5.0.0 || ^6.0.0 || ~7.0.0
      vue-tsc: ~3.2.0 || ~3.3.0
    peerDependenciesMeta:
      '@typescript/native-preview':
        optional: true
      '@volar/typescript':
        optional: true
      typescript:
        optional: true
      vue-tsc:
        optional: true

  rolldown@1.0.0-rc.17:
    resolution: {integrity: sha512-ZrT53oAKrtA4+YtBWPQbtPOxIbVDbxT0orcYERKd63VJTF13zPcgXTvD4843L8pcsI7M6MErt8QtON6lrB9tyA==}
    engines: {node: ^20.19.0 || >=22.12.0}
    hasBin: true

  rolldown@1.2.8:
    resolution: {integrity: sha512-Z67nTmhZe7anqnM/EjI392w5i/ANUinjip7QYsOyN37oayduxt3ksdX0hf5OOamkAd53BiIHfbfSzfUmzKFQqQ==}
    engines: {node: ^20.19.0 || >=22.12.0}
    hasBin: true

  tinyexec@1.3.1:
    resolution: {integrity: sha512-GCvB3aoys96IuDFBMcTB46JOR6mdMtAToqwiW8JlWhsoh1mhHi/xn9ss/Dg7N555GiJyEt2qzoG/NHCwM6h1EA==}
    engines: {node: '>=18'}

  tinyglobby@0.2.17:
    resolution: {integrity: sha512-wXR/dYpcqKmfWpEdZjiKJOwCNFndD0DMnrW/cYjVGttEkBfVgcLFHoNrlj47mjOVic9yyNu65alsgF4NQyTa2g==}
    engines: {node: '>=12.0.0'}

  tree-kill@1.2.2:
    resolution: {integrity: sha512-L0Orpi8qGpRG//Nd+H90vFB+3iHnue1zSSGmNOOCh1GLJ7rUKVwV2HvijphGQS2UmhUZewS9VgvxYIdgr+fG1A==}
    hasBin: true

  tsdown@0.23.0:
    resolution: {integrity: sha512-BaT+ep1xnj5hdyICLd5r5SYYE+TXnI1ATePLykv9vcKpHpFTWUWRH+x1AF/E2qcu3YB6+vI8IdyxIIIffEqw5Q==}
    engines: {node: ^22.18.0 || ^24.11.0 || >=26.0.0}
    hasBin: true
    peerDependencies:
      '@arethetypeswrong/core': ^0.18.1
      '@tsdown/css': 0.23.0
      '@tsdown/exe': 0.23.0
      '@vitejs/devtools': '*'
      publint: ^0.3.8
      tsx: '*'
      typescript: ^5.0.0 || ^6.0.0 || ^7.0.0
      unplugin-unused: '>=0.5.0'
      unrun: '*'
    peerDependenciesMeta:
      '@arethetypeswrong/core':
        optional: true
      '@tsdown/css':
        optional: true
      '@tsdown/exe':
        optional: true
      '@vitejs/devtools':
        optional: true
      publint:
        optional: true
      tsx:
        optional: true
      typescript:
        optional: true
      unplugin-unused:
        optional: true
      unrun:
        optional: true

  tslib@2.8.1:
    resolution: {integrity: sha512-oJFu94HQb+KVduSUQL7wnpmqnfmLsOA/nAh6b6EH0wCEoK0/mPeXU6c3wKDV83MkOuHPRHtSXKKU99IBazS/2w==}

  typescript@5.6.2:
    resolution: {integrity: sha512-NW8ByodCSNCwZeghjN3o+JX5OFH0Ojg6sadjEKY4huZ52TqbJTJnDo5+Tw98lSy63NZvi4n+ez5m2u5d4PkZyw==}
    engines: {node: '>=14.17'}
    hasBin: true

  unconfig-core@7.5.0:
    resolution: {integrity: sha512-Su3FauozOGP44ZmKdHy2oE6LPjk51M/TRRjHv2HNCWiDvfvCoxC2lno6jevMA91MYAdCdwP05QnWdWpSbncX/w==}

  undici-types@6.19.8:
    resolution: {integrity: sha512-ve2KP6f/JnbPBFyobGHuerC9g1FYGn/F8n1LWTwNxCEzd6IfqTwUQcNXgEtmmQ6DlRrC1hrSrBnCZPokRrDHjw==}

  unrun@0.2.37:
    resolution: {integrity: sha512-AA7vDuYsgeSYVzJMm16UKA+aXFKhy7nFqW9z5l7q44K4ppFWZAMqYS58ePRZbugMLPH0fwwMzD5A8nP0avxwZQ==}
    engines: {node: '>=20.19.0'}
    hasBin: true
    peerDependencies:
      synckit: ^0.11.11
    peerDependenciesMeta:
      synckit:
        optional: true

  verkit@0.4.0:
    resolution: {integrity: sha512-sXMwN6DMHeouPfCxkxWkKAmxphWKEenHYY5H1nIBzU3PmDsmJp6kBXJdshjVdpMZuWCmL9SH7KFRx29AylpP6g==}
    engines: {node: '>=18.12.0'}

  x-img-diff-js@0.3.5:
    resolution: {integrity: sha512-B97ztoc2JeM+62HH1zFhmTyilsVqL486WMm8X3oQz16lTCGITY1cz+H57mTsNG0QuyVxv1yGq06qC8wy6UPCmQ==}

  yuku-ast@0.9.5:
    resolution: {integrity: sha512-Q8qW8WwQnN5Cm0ZZivdRIfv0sRLTjUq0YumXJkw8CYN1aCdICH9rk4C47/4n6kA5EqDtlj+F608twoTSV2MwdQ==}

  yuku-codegen@0.9.5:
    resolution: {integrity: sha512-zGUVyDpSK4b6c9B0yyxi2P0wujn1XZTbG9dCb7d6gyAoP63EMgyLzUwPUvwxPG5jgYqhlI7w+S3oCyapqGr4PA==}

  yuku-parser@0.9.5:
    resolution: {integrity: sha512-IBnAdNVMswWbJcM7woPluOudectJzFjJ1N8jVRxP9Uq4CIv5hZdBIcdmtRbFDYF/Ph2j2gVup4YJ4N9mh0jYFA==}

snapshots:

  '@emnapi/core@1.10.0':
    dependencies:
      '@emnapi/wasi-threads': 1.2.1
      tslib: 2.8.1
    optional: true

  '@emnapi/runtime@1.10.0':
    dependencies:
      tslib: 2.8.1
    optional: true

  '@emnapi/wasi-threads@1.2.1':
    dependencies:
      tslib: 2.8.1
    optional: true

  '@napi-rs/wasm-runtime@1.1.6(@emnapi/core@1.10.0)(@emnapi/runtime@1.10.0)':
    dependencies:
      '@emnapi/core': 1.10.0
      '@emnapi/runtime': 1.10.0
      '@tybys/wasm-util': 0.10.3
    optional: true

  '@opentelemetry/api-logs@0.216.0':
    dependencies:
      '@opentelemetry/api': 1.9.1

  '@opentelemetry/api@1.9.1': {}

  '@opentelemetry/context-async-hooks@2.7.1(@opentelemetry/api@1.9.1)':
    dependencies:
      '@opentelemetry/api': 1.9.1

  '@opentelemetry/core@2.7.1(@opentelemetry/api@1.9.1)':
    dependencies:
      '@opentelemetry/api': 1.9.1
      '@opentelemetry/semantic-conventions': 1.40.0

  '@opentelemetry/exporter-trace-otlp-http@0.216.0(@opentelemetry/api@1.9.1)':
    dependencies:
      '@opentelemetry/api': 1.9.1
      '@opentelemetry/core': 2.7.1(@opentelemetry/api@1.9.1)
      '@opentelemetry/otlp-exporter-base': 0.216.0(@opentelemetry/api@1.9.1)
      '@opentelemetry/otlp-transformer': 0.216.0(@opentelemetry/api@1.9.1)
      '@opentelemetry/resources': 2.7.1(@opentelemetry/api@1.9.1)
      '@opentelemetry/sdk-trace-base': 2.7.1(@opentelemetry/api@1.9.1)

  '@opentelemetry/otlp-exporter-base@0.216.0(@opentelemetry/api@1.9.1)':
    dependencies:
      '@opentelemetry/api': 1.9.1
      '@opentelemetry/core': 2.7.1(@opentelemetry/api@1.9.1)
      '@opentelemetry/otlp-transformer': 0.216.0(@opentelemetry/api@1.9.1)

  '@opentelemetry/otlp-transformer@0.216.0(@opentelemetry/api@1.9.1)':
    dependencies:
      '@opentelemetry/api': 1.9.1
      '@opentelemetry/api-logs': 0.216.0
      '@opentelemetry/core': 2.7.1(@opentelemetry/api@1.9.1)
      '@opentelemetry/resources': 2.7.1(@opentelemetry/api@1.9.1)
      '@opentelemetry/sdk-logs': 0.216.0(@opentelemetry/api@1.9.1)
      '@opentelemetry/sdk-metrics': 2.7.1(@opentelemetry/api@1.9.1)
      '@opentelemetry/sdk-trace-base': 2.7.1(@opentelemetry/api@1.9.1)
      protobufjs: 8.8.0

  '@opentelemetry/resources@2.7.1(@opentelemetry/api@1.9.1)':
    dependencies:
      '@opentelemetry/api': 1.9.1
      '@opentelemetry/core': 2.7.1(@opentelemetry/api@1.9.1)
      '@opentelemetry/semantic-conventions': 1.40.0

  '@opentelemetry/sdk-logs@0.216.0(@opentelemetry/api@1.9.1)':
    dependencies:
      '@opentelemetry/api': 1.9.1
      '@opentelemetry/api-logs': 0.216.0
      '@opentelemetry/core': 2.7.1(@opentelemetry/api@1.9.1)
      '@opentelemetry/resources': 2.7.1(@opentelemetry/api@1.9.1)
      '@opentelemetry/semantic-conventions': 1.40.0

  '@opentelemetry/sdk-metrics@2.7.1(@opentelemetry/api@1.9.1)':
    dependencies:
      '@opentelemetry/api': 1.9.1
      '@opentelemetry/core': 2.7.1(@opentelemetry/api@1.9.1)
      '@opentelemetry/resources': 2.7.1(@opentelemetry/api@1.9.1)

  '@opentelemetry/sdk-trace-base@2.7.1(@opentelemetry/api@1.9.1)':
    dependencies:
      '@opentelemetry/api': 1.9.1
      '@opentelemetry/core': 2.7.1(@opentelemetry/api@1.9.1)
      '@opentelemetry/resources': 2.7.1(@opentelemetry/api@1.9.1)
      '@opentelemetry/semantic-conventions': 1.40.0

  '@opentelemetry/sdk-trace-node@2.7.1(@opentelemetry/api@1.9.1)':
    dependencies:
      '@opentelemetry/api': 1.9.1
      '@opentelemetry/context-async-hooks': 2.7.1(@opentelemetry/api@1.9.1)
      '@opentelemetry/core': 2.7.1(@opentelemetry/api@1.9.1)
      '@opentelemetry/sdk-trace-base': 2.7.1(@opentelemetry/api@1.9.1)

  '@opentelemetry/semantic-conventions@1.40.0': {}

  '@oxc-project/types@0.127.0':
    optional: true

  '@oxc-project/types@0.149.0': {}

  '@quansync/fs@1.0.0':
    dependencies:
      quansync: 1.0.0

  '@rolldown/binding-android-arm-eabi@1.2.8':
    optional: true

  '@rolldown/binding-android-arm64@1.0.0-rc.17':
    optional: true

  '@rolldown/binding-android-arm64@1.2.8':
    optional: true

  '@rolldown/binding-darwin-arm64@1.0.0-rc.17':
    optional: true

  '@rolldown/binding-darwin-arm64@1.2.8':
    optional: true

  '@rolldown/binding-darwin-x64@1.0.0-rc.17':
    optional: true

  '@rolldown/binding-darwin-x64@1.2.8':
    optional: true

  '@rolldown/binding-freebsd-x64@1.0.0-rc.17':
    optional: true

  '@rolldown/binding-freebsd-x64@1.2.8':
    optional: true

  '@rolldown/binding-linux-arm-gnueabihf@1.0.0-rc.17':
    optional: true

  '@rolldown/binding-linux-arm-gnueabihf@1.2.8':
    optional: true

  '@rolldown/binding-linux-arm64-gnu@1.0.0-rc.17':
    optional: true

  '@rolldown/binding-linux-arm64-gnu@1.2.8':
    optional: true

  '@rolldown/binding-linux-arm64-musl@1.0.0-rc.17':
    optional: true

  '@rolldown/binding-linux-arm64-musl@1.2.8':
    optional: true

  '@rolldown/binding-linux-ppc64-gnu@1.0.0-rc.17':
    optional: true

  '@rolldown/binding-linux-ppc64-gnu@1.2.8':
    optional: true

  '@rolldown/binding-linux-s390x-gnu@1.0.0-rc.17':
    optional: true

  '@rolldown/binding-linux-s390x-gnu@1.2.8':
    optional: true

  '@rolldown/binding-linux-x64-gnu@1.0.0-rc.17':
    optional: true

  '@rolldown/binding-linux-x64-gnu@1.2.8':
    optional: true

  '@rolldown/binding-linux-x64-musl@1.0.0-rc.17':
    optional: true

  '@rolldown/binding-linux-x64-musl@1.2.8':
    optional: true

  '@rolldown/binding-openharmony-arm64@1.0.0-rc.17':
    optional: true

  '@rolldown/binding-openharmony-arm64@1.2.8':
    optional: true

  '@rolldown/binding-wasm32-wasi@1.0.0-rc.17':
    dependencies:
      '@emnapi/core': 1.10.0
      '@emnapi/runtime': 1.10.0
      '@napi-rs/wasm-runtime': 1.1.6(@emnapi/core@1.10.0)(@emnapi/runtime@1.10.0)
    optional: true

  '@rolldown/binding-win32-arm64-msvc@1.0.0-rc.17':
    optional: true

  '@rolldown/binding-win32-arm64-msvc@1.2.8':
    optional: true

  '@rolldown/binding-win32-x64-msvc@1.0.0-rc.17':
    optional: true

  '@rolldown/binding-win32-x64-msvc@1.2.8':
    optional: true

  '@rolldown/pluginutils@1.0.0-rc.17':
    optional: true

  '@rolldown/pluginutils@1.0.1': {}

  '@tybys/wasm-util@0.10.3':
    dependencies:
      tslib: 2.8.1

  '@types/node@22.5.5':
    dependencies:
      undici-types: 6.19.8

  '@yuku-codegen/binding-android-arm64@0.9.5':
    optional: true

  '@yuku-codegen/binding-darwin-arm64@0.9.5':
    optional: true

  '@yuku-codegen/binding-darwin-x64@0.9.5':
    optional: true

  '@yuku-codegen/binding-freebsd-x64@0.9.5':
    optional: true

  '@yuku-codegen/binding-linux-arm-gnu@0.9.5':
    optional: true

  '@yuku-codegen/binding-linux-arm-musl@0.9.5':
    optional: true

  '@yuku-codegen/binding-linux-arm64-gnu@0.9.5':
    optional: true

  '@yuku-codegen/binding-linux-arm64-musl@0.9.5':
    optional: true

  '@yuku-codegen/binding-linux-x64-gnu@0.9.5':
    optional: true

  '@yuku-codegen/binding-linux-x64-musl@0.9.5':
    optional: true

  '@yuku-codegen/binding-win32-arm64@0.9.5':
    optional: true

  '@yuku-codegen/binding-win32-x64@0.9.5':
    optional: true

  '@yuku-parser/binding-android-arm64@0.9.5':
    optional: true

  '@yuku-parser/binding-darwin-arm64@0.9.5':
    optional: true

  '@yuku-parser/binding-darwin-x64@0.9.5':
    optional: true

  '@yuku-parser/binding-freebsd-x64@0.9.5':
    optional: true

  '@yuku-parser/binding-linux-arm-gnu@0.9.5':
    optional: true

  '@yuku-parser/binding-linux-arm-musl@0.9.5':
    optional: true

  '@yuku-parser/binding-linux-arm64-gnu@0.9.5':
    optional: true

  '@yuku-parser/binding-linux-arm64-musl@0.9.5':
    optional: true

  '@yuku-parser/binding-linux-x64-gnu@0.9.5':
    optional: true

  '@yuku-parser/binding-linux-x64-musl@0.9.5':
    optional: true

  '@yuku-parser/binding-win32-arm64@0.9.5':
    optional: true

  '@yuku-parser/binding-win32-x64@0.9.5':
    optional: true

  '@yuku-toolchain/types@0.9.5': {}

  cac@7.0.0: {}

  defu@6.1.7: {}

  dts-resolver@3.0.0: {}

  empathic@2.0.1: {}

  fdir@6.5.0(picomatch@4.0.7):
    optionalDependencies:
      picomatch: 4.0.7

  get-tsconfig@5.0.0-beta.6:
    dependencies:
      resolve-pkg-maps: 1.0.0

  hookable@6.1.1: {}

  import-without-cache@0.4.0: {}

  long@5.3.2: {}

  obug@2.2.1: {}

  picomatch@4.0.7: {}

  protobufjs@8.8.0:
    dependencies:
      long: 5.3.2

  quansync@1.0.0: {}

  resolve-pkg-maps@1.0.0: {}

  rolldown-plugin-dts@0.28.5(rolldown@1.2.8)(typescript@5.6.2):
    dependencies:
      dts-resolver: 3.0.0
      get-tsconfig: 5.0.0-beta.6
      obug: 2.2.1
      rolldown: 1.2.8
      yuku-ast: 0.9.5
      yuku-codegen: 0.9.5
      yuku-parser: 0.9.5
    optionalDependencies:
      typescript: 5.6.2
    transitivePeerDependencies:
      - oxc-resolver

  rolldown@1.0.0-rc.17:
    dependencies:
      '@oxc-project/types': 0.127.0
      '@rolldown/pluginutils': 1.0.0-rc.17
    optionalDependencies:
      '@rolldown/binding-android-arm64': 1.0.0-rc.17
      '@rolldown/binding-darwin-arm64': 1.0.0-rc.17
      '@rolldown/binding-darwin-x64': 1.0.0-rc.17
      '@rolldown/binding-freebsd-x64': 1.0.0-rc.17
      '@rolldown/binding-linux-arm-gnueabihf': 1.0.0-rc.17
      '@rolldown/binding-linux-arm64-gnu': 1.0.0-rc.17
      '@rolldown/binding-linux-arm64-musl': 1.0.0-rc.17
      '@rolldown/binding-linux-ppc64-gnu': 1.0.0-rc.17
      '@rolldown/binding-linux-s390x-gnu': 1.0.0-rc.17
      '@rolldown/binding-linux-x64-gnu': 1.0.0-rc.17
      '@rolldown/binding-linux-x64-musl': 1.0.0-rc.17
      '@rolldown/binding-openharmony-arm64': 1.0.0-rc.17
      '@rolldown/binding-wasm32-wasi': 1.0.0-rc.17
      '@rolldown/binding-win32-arm64-msvc': 1.0.0-rc.17
      '@rolldown/binding-win32-x64-msvc': 1.0.0-rc.17
    optional: true

  rolldown@1.2.8:
    dependencies:
      '@oxc-project/types': 0.149.0
      '@rolldown/pluginutils': 1.0.1
    optionalDependencies:
      '@rolldown/binding-android-arm-eabi': 1.2.8
      '@rolldown/binding-android-arm64': 1.2.8
      '@rolldown/binding-darwin-arm64': 1.2.8
      '@rolldown/binding-darwin-x64': 1.2.8
      '@rolldown/binding-freebsd-x64': 1.2.8
      '@rolldown/binding-linux-arm-gnueabihf': 1.2.8
      '@rolldown/binding-linux-arm64-gnu': 1.2.8
      '@rolldown/binding-linux-arm64-musl': 1.2.8
      '@rolldown/binding-linux-ppc64-gnu': 1.2.8
      '@rolldown/binding-linux-s390x-gnu': 1.2.8
      '@rolldown/binding-linux-x64-gnu': 1.2.8
      '@rolldown/binding-linux-x64-musl': 1.2.8
      '@rolldown/binding-openharmony-arm64': 1.2.8
      '@rolldown/binding-win32-arm64-msvc': 1.2.8
      '@rolldown/binding-win32-x64-msvc': 1.2.8

  tinyexec@1.3.1: {}

  tinyglobby@0.2.17:
    dependencies:
      fdir: 6.5.0(picomatch@4.0.7)
      picomatch: 4.0.7

  tree-kill@1.2.2: {}

  tsdown@0.23.0(typescript@5.6.2)(unrun@0.2.37):
    dependencies:
      cac: 7.0.0
      defu: 6.1.7
      empathic: 2.0.1
      hookable: 6.1.1
      import-without-cache: 0.4.0
      obug: 2.2.1
      picomatch: 4.0.7
      rolldown: 1.2.8
      rolldown-plugin-dts: 0.28.5(rolldown@1.2.8)(typescript@5.6.2)
      tinyexec: 1.3.1
      tinyglobby: 0.2.17
      tree-kill: 1.2.2
      unconfig-core: 7.5.0
      verkit: 0.4.0
    optionalDependencies:
      typescript: 5.6.2
      unrun: 0.2.37
    transitivePeerDependencies:
      - '@typescript/native-preview'
      - '@volar/typescript'
      - oxc-resolver
      - vue-tsc

  tslib@2.8.1: {}

  typescript@5.6.2:
    optional: true

  unconfig-core@7.5.0:
    dependencies:
      '@quansync/fs': 1.0.0
      quansync: 1.0.0

  undici-types@6.19.8: {}

  unrun@0.2.37:
    dependencies:
      rolldown: 1.0.0-rc.17
    optional: true

  verkit@0.4.0: {}

  x-img-diff-js@0.3.5: {}

  yuku-ast@0.9.5:
    dependencies:
      '@yuku-toolchain/types': 0.9.5

  yuku-codegen@0.9.5:
    dependencies:
      '@yuku-toolchain/types': 0.9.5
    optionalDependencies:
      '@yuku-codegen/binding-android-arm64': 0.9.5
      '@yuku-codegen/binding-darwin-arm64': 0.9.5
      '@yuku-codegen/binding-darwin-x64': 0.9.5
      '@yuku-codegen/binding-freebsd-x64': 0.9.5
      '@yuku-codegen/binding-linux-arm-gnu': 0.9.5
      '@yuku-codegen/binding-linux-arm-musl': 0.9.5
      '@yuku-codegen/binding-linux-arm64-gnu': 0.9.5
      '@yuku-codegen/binding-linux-arm64-musl': 0.9.5
      '@yuku-codegen/binding-linux-x64-gnu': 0.9.5
      '@yuku-codegen/binding-linux-x64-musl': 0.9.5
      '@yuku-codegen/binding-win32-arm64': 0.9.5
      '@yuku-codegen/binding-win32-x64': 0.9.5

  yuku-parser@0.9.5:
    dependencies:
      '@yuku-toolchain/types': 0.9.5
      yuku-ast: 0.9.5
    optionalDependencies:
      '@yuku-parser/binding-android-arm64': 0.9.5
      '@yuku-parser/binding-darwin-arm64': 0.9.5
      '@yuku-parser/binding-darwin-x64': 0.9.5
      '@yuku-parser/binding-freebsd-x64': 0.9.5
      '@yuku-parser/binding-linux-arm-gnu': 0.9.5
      '@yuku-parser/binding-linux-arm-musl': 0.9.5
      '@yuku-parser/binding-linux-arm64-gnu': 0.9.5
      '@yuku-parser/binding-linux-arm64-musl': 0.9.5
      '@yuku-parser/binding-linux-x64-gnu': 0.9.5
      '@yuku-parser/binding-linux-x64-musl': 0.9.5
      '@yuku-parser/binding-win32-arm64': 0.9.5
      '@yuku-parser/binding-win32-x64': 0.9.5
